
Microsoft Visual Studio Solution File, Format Version 12.00
# Visual Studio Version 17
VisualStudioVersion = 17.14.36518.9 d17.14
MinimumVisualStudioVersion = 10.0.40219.1
Project("{FAE04EC0-301F-11D3-BF4B-00C04F79EFBC}") = "Tiers.PL", "Tiers.PL\Tiers.PL.csproj", "{0906A61D-F0D5-4A00-9651-C414042F907A}"
EndProject
Project("{FAE04EC0-301F-11D3-BF4B-00C04F79EFBC}") = "Tiers.BLL", "Tiers.BLL\Tiers.BLL.csproj", "{6A18F3FD-46C7-4CDA-9278-2A65A92050BB}"
EndProject
Project("{FAE04EC0-301F-11D3-BF4B-00C04F79EFBC}") = "Tiers.DAL", "Tiers.DAL\Tiers.DAL.csproj", "{45CDE1FF-71BA-4E74-A82E-24F043532D01}"
EndProject
Global
	GlobalSection(SolutionConfigurationPlatforms) = preSolution
		Debug|Any CPU = Debug|Any CPU
		Release|Any CPU = Release|Any CPU
	EndGlobalSection
	GlobalSection(ProjectConfigurationPlatforms) = postSolution
		{0906A61D-F0D5-4A00-9651-C414042F907A}.Debug|Any CPU.ActiveCfg = Debug|Any CPU
		{0906A61D-F0D5-4A00-9651-C414042F907A}.Debug|Any CPU.Build.0 = Debug|Any CPU
		{0906A61D-F0D5-4A00-9651-C414042F907A}.Release|Any CPU.ActiveCfg = Release|Any CPU
		{0906A61D-F0D5-4A00-9651-C414042F907A}.Release|Any CPU.Build.0 = Release|Any CPU
		{6A18F3FD-46C7-4CDA-9278-2A65A92050BB}.Debug|Any CPU.ActiveCfg = Debug|Any CPU
		{6A18F3FD-46C7-4CDA-9278-2A65A92050BB}.Debug|Any CPU.Build.0 = Debug|Any CPU
		{6A18F3FD-46C7-4CDA-9278-2A65A92050BB}.Release|Any CPU.ActiveCfg = Release|Any CPU
		{6A18F3FD-46C7-4CDA-9278-2A65A92050BB}.Release|Any CPU.Build.0 = Release|Any CPU
		{45CDE1FF-71BA-4E74-A82E-24F043532D01}.Debug|Any CPU.ActiveCfg = Debug|Any CPU
		{45CDE1FF-71BA-4E74-A82E-24F043532D01}.Debug|Any CPU.Build.0 = Debug|Any CPU
		{45CDE1FF-71BA-4E74-A82E-24F043532D01}.Release|Any CPU.ActiveCfg = Release|Any CPU
		{45CDE1FF-71BA-4E74-A82E-24F043532D01}.Release|Any CPU.Build.0 = Release|Any CPU
	EndGlobalSection
	GlobalSection(SolutionProperties) = preSolution
		HideSolutionNode = FALSE
	EndGlobalSection
	GlobalSection(ExtensibilityGlobals) = postSolution
		SolutionGuid = {CBCA0610-1842-43EB-8398-3541B77DA772}
	EndGlobalSection
EndGlobal
